
Microsoft Visual Studio Solution File, Format Version 12.00
# Visual Studio Version 17
VisualStudioVersion = 17.9.34622.214
MinimumVisualStudioVersion = 10.0.40219.1
Project("{FAE04EC0-301F-11D3-BF4B-00C04F79EFBC}") = "Server", "Server\Server.csproj", "{0B16FE36-CFD4-4133-AFCC-D7BE3E2D7005}"
EndProject
Project("{FAE04EC0-301F-11D3-BF4B-00C04F79EFBC}") = "Client", "Client\Client.csproj", "{404E8A9D-A5C5-4B0F-8A25-7EE88701D32E}"
EndProject
Project("{FAE04EC0-301F-11D3-BF4B-00C04F79EFBC}") = "BaseLibrary", "BaseLibrary\BaseLibrary.csproj", "{57903AB3-B50A-4821-B957-B52BB20B8389}"
EndProject
Project("{FAE04EC0-301F-11D3-BF4B-00C04F79EFBC}") = "ClientLibrary", "ClientLibrary\ClientLibrary.csproj", "{28D31BD8-BFAE-418F-AC1A-269923D082AF}"
EndProject
Project("{FAE04EC0-301F-11D3-BF4B-00C04F79EFBC}") = "ServerLibrary", "ServerLibrary\ServerLibrary.csproj", "{46D04969-6988-49BA-A520-B44FA26B8684}"
EndProject
Global
	GlobalSection(SolutionConfigurationPlatforms) = preSolution
		Debug|Any CPU = Debug|Any CPU
		Release|Any CPU = Release|Any CPU
	EndGlobalSection
	GlobalSection(ProjectConfigurationPlatforms) = postSolution
		{0B16FE36-CFD4-4133-AFCC-D7BE3E2D7005}.Debug|Any CPU.ActiveCfg = Debug|Any CPU
		{0B16FE36-CFD4-4133-AFCC-D7BE3E2D7005}.Debug|Any CPU.Build.0 = Debug|Any CPU
		{0B16FE36-CFD4-4133-AFCC-D7BE3E2D7005}.Release|Any CPU.ActiveCfg = Release|Any CPU
		{0B16FE36-CFD4-4133-AFCC-D7BE3E2D7005}.Release|Any CPU.Build.0 = Release|Any CPU
		{404E8A9D-A5C5-4B0F-8A25-7EE88701D32E}.Debug|Any CPU.ActiveCfg = Debug|Any CPU
		{404E8A9D-A5C5-4B0F-8A25-7EE88701D32E}.Debug|Any CPU.Build.0 = Debug|Any CPU
		{404E8A9D-A5C5-4B0F-8A25-7EE88701D32E}.Release|Any CPU.ActiveCfg = Release|Any CPU
		{404E8A9D-A5C5-4B0F-8A25-7EE88701D32E}.Release|Any CPU.Build.0 = Release|Any CPU
		{57903AB3-B50A-4821-B957-B52BB20B8389}.Debug|Any CPU.ActiveCfg = Debug|Any CPU
		{57903AB3-B50A-4821-B957-B52BB20B8389}.Debug|Any CPU.Build.0 = Debug|Any CPU
		{57903AB3-B50A-4821-B957-B52BB20B8389}.Release|Any CPU.ActiveCfg = Release|Any CPU
		{57903AB3-B50A-4821-B957-B52BB20B8389}.Release|Any CPU.Build.0 = Release|Any CPU
		{28D31BD8-BFAE-418F-AC1A-269923D082AF}.Debug|Any CPU.ActiveCfg = Debug|Any CPU
		{28D31BD8-BFAE-418F-AC1A-269923D082AF}.Debug|Any CPU.Build.0 = Debug|Any CPU
		{28D31BD8-BFAE-418F-AC1A-269923D082AF}.Release|Any CPU.ActiveCfg = Release|Any CPU
		{28D31BD8-BFAE-418F-AC1A-269923D082AF}.Release|Any CPU.Build.0 = Release|Any CPU
		{46D04969-6988-49BA-A520-B44FA26B8684}.Debug|Any CPU.ActiveCfg = Debug|Any CPU
		{46D04969-6988-49BA-A520-B44FA26B8684}.Debug|Any CPU.Build.0 = Debug|Any CPU
		{46D04969-6988-49BA-A520-B44FA26B8684}.Release|Any CPU.ActiveCfg = Release|Any CPU
		{46D04969-6988-49BA-A520-B44FA26B8684}.Release|Any CPU.Build.0 = Release|Any CPU
	EndGlobalSection
	GlobalSection(SolutionProperties) = preSolution
		HideSolutionNode = FALSE
	EndGlobalSection
	GlobalSection(ExtensibilityGlobals) = postSolution
		SolutionGuid = {0D6E90EB-BDA5-4AEE-A24E-36D7D438A141}
	EndGlobalSection
EndGlobal
